<Solution>
  <Folder Name="/src/" />
  <Folder Name="/src/Api/">
    <Project Path="src/Api/GestionStagesMEN.Api.csproj" />
  </Folder>
  <Folder Name="/src/Core/">
    <Project Path="src/Core/GestionStagesMEN.Core.csproj" />
  </Folder>
  <Folder Name="/src/Data/">
    <Project Path="src/Data/GestionStagesMEN.Data.csproj" />
  </Folder>
</Solution>
